
Microsoft Visual Studio Solution File, Format Version 12.00
# Visual Studio 15
VisualStudioVersion = 15.0.27703.2035
MinimumVisualStudioVersion = 10.0.40219.1
Project("{FAE04EC0-301F-11D3-BF4B-00C04F79EFBC}") = "InventorySystem", "InventorySystem\InventorySystem.csproj", "{9B7A7991-9A15-4A5A-9160-05BA05A7BBEC}"
EndProject
Global
	GlobalSection(SolutionConfigurationPlatforms) = preSolution
		Debug|Any CPU = Debug|Any CPU
		Release|Any CPU = Release|Any CPU
	EndGlobalSection
	GlobalSection(ProjectConfigurationPlatforms) = postSolution
		{9B7A7991-9A15-4A5A-9160-05BA05A7BBEC}.Debug|Any CPU.ActiveCfg = Debug|Any CPU
		{9B7A7991-9A15-4A5A-9160-05BA05A7BBEC}.Debug|Any CPU.Build.0 = Debug|Any CPU
		{9B7A7991-9A15-4A5A-9160-05BA05A7BBEC}.Release|Any CPU.ActiveCfg = Release|Any CPU
		{9B7A7991-9A15-4A5A-9160-05BA05A7BBEC}.Release|Any CPU.Build.0 = Release|Any CPU
	EndGlobalSection
	GlobalSection(SolutionProperties) = preSolution
		HideSolutionNode = FALSE
	EndGlobalSection
	GlobalSection(ExtensibilityGlobals) = postSolution
		SolutionGuid = {5A472368-6618-49FE-A35E-7FDBBC2AF0BF}
	EndGlobalSection
EndGlobal
